// !$*UTF8*$!
{
	archiveVersion = 1;
	classes = {
	};
	objectVersion = 46;
	objects = {

/* Begin PBXBuildFile section */
		77DD59021D2D03790078D0DC /* main.m in Sources */ = {isa = PBXBuildFile; fileRef = 77DD59011D2D03790078D0DC /* main.m */; };
		77DD59051D2D03790078D0DC /* AppDelegate.m in Sources */ = {isa = PBXBuildFile; fileRef = 77DD59041D2D03790078D0DC /* AppDelegate.m */; };
		77DD59081D2D03790078D0DC /* ViewController.m in Sources */ = {isa = PBXBuildFile; fileRef = 77DD59071D2D03790078D0DC /* ViewController.m */; };
		77DD590B1D2D03790078D0DC /* Main.storyboard in Resources */ = {isa = PBXBuildFile; fileRef = 77DD59091D2D03790078D0DC /* Main.storyboard */; };
		77DD590D1D2D03790078D0DC /* Assets.xcassets in Resources */ = {isa = PBXBuildFile; fileRef = 77DD590C1D2D03790078D0DC /* Assets.xcassets */; };
		77DD59101D2D03790078D0DC /* LaunchScreen.storyboard in Resources */ = {isa = PBXBuildFile; fileRef = 77DD590E1D2D03790078D0DC /* LaunchScreen.storyboard */; };
		77DD591B1D2D03790078D0DC /* RunTimeTests.m in Sources */ = {isa = PBXBuildFile; fileRef = 77DD591A1D2D03790078D0DC /* RunTimeTests.m */; };
		77DD59261D2D03790078D0DC /* RunTimeUITests.m in Sources */ = {isa = PBXBuildFile; fileRef = 77DD59251D2D03790078D0DC /* RunTimeUITests.m */; };
/* End PBXBuildFile section */

/* Begin PBXContainerItemProxy section */
		77DD59171D2D03790078D0DC /* PBXContainerItemProxy */ = {
			isa = PBXContainerItemProxy;
			containerPortal = 77DD58F51D2D03790078D0DC /* Project object */;
			proxyType = 1;
			remoteGlobalIDString = 77DD58FC1D2D03790078D0DC;
			remoteInfo = RunTime;
		};
		77DD59221D2D03790078D0DC /* PBXContainerItemProxy */ = {
			isa = PBXContainerItemProxy;
			containerPortal = 77DD58F51D2D03790078D0DC /* Project object */;
			proxyType = 1;
			remoteGlobalIDString = 77DD58FC1D2D03790078D0DC;
			remoteInfo = RunTime;
		};
/* End PBXContainerItemProxy section */

/* Begin PBXFileReference section */
		77DD58FD1D2D03790078D0DC /* RunTime.app */ = {isa = PBXFileReference; explicitFileType = wrapper.application; includeInIndex = 0; path = RunTime.app; sourceTree = BUILT_PRODUCTS_DIR; };
		77DD59011D2D03790078D0DC /* main.m */ = {isa = PBXFileReference; lastKnownFileType = sourcecode.c.objc; path = main.m; sourceTree = "<group>"; };
		77DD59031D2D03790078D0DC /* AppDelegate.h */ = {isa = PBXFileReference; lastKnownFileType = sourcecode.c.h; path = AppDelegate.h; sourceTree = "<group>"; };
		77DD59041D2D03790078D0DC /* AppDelegate.m */ = {isa = PBXFileReference; lastKnownFileType = sourcecode.c.objc; path = AppDelegate.m; sourceTree = "<group>"; };
		77DD59061D2D03790078D0DC /* ViewController.h */ = {isa = PBXFileReference; lastKnownFileType = sourcecode.c.h; path = ViewController.h; sourceTree = "<group>"; };
		77DD59071D2D03790078D0DC /* ViewController.m */ = {isa = PBXFileReference; lastKnownFileType = sourcecode.c.objc; path = ViewController.m; sourceTree = "<group>"; };
		77DD590A1D2D03790078D0DC /* Base */ = {isa = PBXFileReference; lastKnownFileType = file.storyboard; name = Base; path = Base.lproj/Main.storyboard; sourceTree = "<group>"; };
		77DD590C1D2D03790078D0DC /* Assets.xcassets */ = {isa = PBXFileReference; lastKnownFileType = folder.assetcatalog; path = Assets.xcassets; sourceTree = "<group>"; };
		77DD590F1D2D03790078D0DC /* Base */ = {isa = PBXFileReference; lastKnownFileType = file.storyboard; name = Base; path = Base.lproj/LaunchScreen.storyboard; sourceTree = "<group>"; };
		77DD59111D2D03790078D0DC /* Info.plist */ = {isa = PBXFileReference; lastKnownFileType = text.plist.xml; path = Info.plist; sourceTree = "<group>"; };
		77DD59161D2D03790078D0DC /* RunTimeTests.xctest */ = {isa = PBXFileReference; explicitFileType = wrapper.cfbundle; includeInIndex = 0; path = RunTimeTests.xctest; sourceTree = BUILT_PRODUCTS_DIR; };
		77DD591A1D2D03790078D0DC /* RunTimeTests.m */ = {isa = PBXFileReference; lastKnownFileType = sourcecode.c.objc; path = RunTimeTests.m; sourceTree = "<group>"; };
		77DD591C1D2D03790078D0DC /* Info.plist */ = {isa = PBXFileReference; lastKnownFileType = text.plist.xml; path = Info.plist; sourceTree = "<group>"; };
		77DD59211D2D03790078D0DC /* RunTimeUITests.xctest */ = {isa = PBXFileReference; explicitFileType = wrapper.cfbundle; includeInIndex = 0; path = RunTimeUITests.xctest; sourceTree = BUILT_PRODUCTS_DIR; };
		77DD59251D2D03790078D0DC /* RunTimeUITests.m */ = {isa = PBXFileReference; lastKnownFileType = sourcecode.c.objc; path = RunTimeUITests.m; sourceTree = "<group>"; };
		77DD59271D2D03790078D0DC /* Info.plist */ = {isa = PBXFileReference; lastKnownFileType = text.plist.xml; path = Info.plist; sourceTree = "<group>"; };
/* End PBXFileReference section */

/* Begin PBXFrameworksBuildPhase section */
		77DD58FA1D2D03790078D0DC /* Frameworks */ = {
			isa = PBXFrameworksBuildPhase;
			buildActionMask = 2147483647;
			files = (
			);
			runOnlyForDeploymentPostprocessing = 0;
		};
		77DD59131D2D03790078D0DC /* Frameworks */ = {
			isa = PBXFrameworksBuildPhase;
			buildActionMask = 2147483647;
			files = (
			);
			runOnlyForDeploymentPostprocessing = 0;
		};
		77DD591E1D2D03790078D0DC /* Frameworks */ = {
			isa = PBXFrameworksBuildPhase;
			buildActionMask = 2147483647;
			files = (
			);
			runOnlyForDeploymentPostprocessing = 0;
		};
/* End PBXFrameworksBuildPhase section */

/* Begin PBXGroup section */
		77DD58F41D2D03790078D0DC = {
			isa = PBXGroup;
			children = (
				77DD58FF1D2D03790078D0DC /* RunTime */,
				77DD59191D2D03790078D0DC /* RunTimeTests */,
				77DD59241D2D03790078D0DC /* RunTimeUITests */,
				77DD58FE1D2D03790078D0DC /* Products */,
			);
			sourceTree = "<group>";
		};
		77DD58FE1D2D03790078D0DC /* Products */ = {
			isa = PBXGroup;
			children = (
				77DD58FD1D2D03790078D0DC /* RunTime.app */,
				77DD59161D2D03790078D0DC /* RunTimeTests.xctest */,
				77DD59211D2D03790078D0DC /* RunTimeUITests.xctest */,
			);
			name = Products;
			sourceTree = "<group>";
		};
		77DD58FF1D2D03790078D0DC /* RunTime */ = {
			isa = PBXGroup;
			children = (
				77DD59031D2D03790078D0DC /* AppDelegate.h */,
				77DD59041D2D03790078D0DC /* AppDelegate.m */,
				77DD59061D2D03790078D0DC /* ViewController.h */,
				77DD59071D2D03790078D0DC /* ViewController.m */,
				77DD59091D2D03790078D0DC /* Main.storyboard */,
				77DD590C1D2D03790078D0DC /* Assets.xcassets */,
				77DD590E1D2D03790078D0DC /* LaunchScreen.storyboard */,
				77DD59111D2D03790078D0DC /* Info.plist */,
				77DD59001D2D03790078D0DC /* Supporting Files */,
			);
			path = RunTime;
			sourceTree = "<group>";
		};
		77DD59001D2D03790078D0DC /* Supporting Files */ = {
			isa = PBXGroup;
			children = (
				77DD59011D2D03790078D0DC /* main.m */,
			);
			name = "Supporting Files";
			sourceTree = "<group>";
		};
		77DD59191D2D03790078D0DC /* RunTimeTests */ = {
			isa = PBXGroup;
			children = (
				77DD591A1D2D03790078D0DC /* RunTimeTests.m */,
				77DD591C1D2D03790078D0DC /* Info.plist */,
			);
			path = RunTimeTests;
			sourceTree = "<group>";
		};
		77DD59241D2D03790078D0DC /* RunTimeUITests */ = {
			isa = PBXGroup;
			children = (
				77DD59251D2D03790078D0DC /* RunTimeUITests.m */,
				77DD59271D2D03790078D0DC /* Info.plist */,
			);
			path = RunTimeUITests;
			sourceTree = "<group>";
		};
/* End PBXGroup section */

/* Begin PBXNativeTarget section */
		77DD58FC1D2D03790078D0DC /* RunTime */ = {
			isa = PBXNativeTarget;
			buildConfigurationList = 77DD592A1D2D03790078D0DC /* Build configuration list for PBXNativeTarget "RunTime" */;
			buildPhases = (
				77DD58F91D2D03790078D0DC /* Sources */,
				77DD58FA1D2D03790078D0DC /* Frameworks */,
				77DD58FB1D2D03790078D0DC /* Resources */,
			);
			buildRules = (
			);
			dependencies = (
			);
			name = RunTime;
			productName = RunTime;
			productReference = 77DD58FD1D2D03790078D0DC /* RunTime.app */;
			productType = "com.apple.product-type.application";
		};
		77DD59151D2D03790078D0DC /* RunTimeTests */ = {
			isa = PBXNativeTarget;
			buildConfigurationList = 77DD592D1D2D03790078D0DC /* Build configuration list for PBXNativeTarget "RunTimeTests" */;
			buildPhases = (
				77DD59121D2D03790078D0DC /* Sources */,
				77DD59131D2D03790078D0DC /* Frameworks */,
				77DD59141D2D03790078D0DC /* Resources */,
			);
			buildRules = (
			);
			dependencies = (
				77DD59181D2D03790078D0DC /* PBXTargetDependency */,
			);
			name = RunTimeTests;
			productName = RunTimeTests;
			productReference = 77DD59161D2D03790078D0DC /* RunTimeTests.xctest */;
			productType = "com.apple.product-type.bundle.unit-test";
		};
		77DD59201D2D03790078D0DC /* RunTimeUITests */ = {
			isa = PBXNativeTarget;
			buildConfigurationList = 77DD59301D2D03790078D0DC /* Build configuration list for PBXNativeTarget "RunTimeUITests" */;
			buildPhases = (
				77DD591D1D2D03790078D0DC /* Sources */,
				77DD591E1D2D03790078D0DC /* Frameworks */,
				77DD591F1D2D03790078D0DC /* Resources */,
			);
			buildRules = (
			);
			dependencies = (
				77DD59231D2D03790078D0DC /* PBXTargetDependency */,
			);
			name = RunTimeUITests;
			productName = RunTimeUITests;
			productReference = 77DD59211D2D03790078D0DC /* RunTimeUITests.xctest */;
			productType = "com.apple.product-type.bundle.ui-testing";
		};
/* End PBXNativeTarget section */

/* Begin PBXProject section */
		77DD58F51D2D03790078D0DC /* Project object */ = {
			isa = PBXProject;
			attributes = {
				LastUpgradeCheck = 0720;
				ORGANIZATIONNAME = runTime.dome;
				TargetAttributes = {
					77DD58FC1D2D03790078D0DC = {
						CreatedOnToolsVersion = 7.2;
					};
					77DD59151D2D03790078D0DC = {
						CreatedOnToolsVersion = 7.2;
						TestTargetID = 77DD58FC1D2D03790078D0DC;
					};
					77DD59201D2D03790078D0DC = {
						CreatedOnToolsVersion = 7.2;
						TestTargetID = 77DD58FC1D2D03790078D0DC;
					};
				};
			};
			buildConfigurationList = 77DD58F81D2D03790078D0DC /* Build configuration list for PBXProject "RunTime" */;
			compatibilityVersion = "Xcode 3.2";
			developmentRegion = English;
			hasScannedForEncodings = 0;
			knownRegions = (
				en,
				Base,
			);
			mainGroup = 77DD58F41D2D03790078D0DC;
			productRefGroup = 77DD58FE1D2D03790078D0DC /* Products */;
			projectDirPath = "";
			projectRoot = "";
			targets = (
				77DD58FC1D2D03790078D0DC /* RunTime */,
				77DD59151D2D03790078D0DC /* RunTimeTests */,
				77DD59201D2D03790078D0DC /* RunTimeUITests */,
			);
		};
/* End PBXProject section */

/* Begin PBXResourcesBuildPhase section */
		77DD58FB1D2D03790078D0DC /* Resources */ = {
			isa = PBXResourcesBuildPhase;
			buildActionMask = 2147483647;
			files = (
				77DD59101D2D03790078D0DC /* LaunchScreen.storyboard in Resources */,
				77DD590D1D2D03790078D0DC /* Assets.xcassets in Resources */,
				77DD590B1D2D03790078D0DC /* Main.storyboard in Resources */,
			);
			runOnlyForDeploymentPostprocessing = 0;
		};
		77DD59141D2D03790078D0DC /* Resources */ = {
			isa = PBXResourcesBuildPhase;
			buildActionMask = 2147483647;
			files = (
			);
			runOnlyForDeploymentPostprocessing = 0;
		};
		77DD591F1D2D03790078D0DC /* Resources */ = {
			isa = PBXResourcesBuildPhase;
			buildActionMask = 2147483647;
			files = (
			);
			runOnlyForDeploymentPostprocessing = 0;
		};
/* End PBXResourcesBuildPhase section */

/* Begin PBXSourcesBuildPhase section */
		77DD58F91D2D03790078D0DC /* Sources */ = {
			isa = PBXSourcesBuildPhase;
			buildActionMask = 2147483647;
			files = (
				77DD59081D2D03790078D0DC /* ViewController.m in Sources */,
				77DD59051D2D03790078D0DC /* AppDelegate.m in Sources */,
				77DD59021D2D03790078D0DC /* main.m in Sources */,
			);
			runOnlyForDeploymentPostprocessing = 0;
		};
		77DD59121D2D03790078D0DC /* Sources */ = {
			isa = PBXSourcesBuildPhase;
			buildActionMask = 2147483647;
			files = (
				77DD591B1D2D03790078D0DC /* RunTimeTests.m in Sources */,
			);
			runOnlyForDeploymentPostprocessing = 0;
		};
		77DD591D1D2D03790078D0DC /* Sources */ = {
			isa = PBXSourcesBuildPhase;
			buildActionMask = 2147483647;
			files = (
				77DD59261D2D03790078D0DC /* RunTimeUITests.m in Sources */,
			);
			runOnlyForDeploymentPostprocessing = 0;
		};
/* End PBXSourcesBuildPhase section */

/* Begin PBXTargetDependency section */
		77DD59181D2D03790078D0DC /* PBXTargetDependency */ = {
			isa = PBXTargetDependency;
			target = 77DD58FC1D2D03790078D0DC /* RunTime */;
			targetProxy = 77DD59171D2D03790078D0DC /* PBXContainerItemProxy */;
		};
		77DD59231D2D03790078D0DC /* PBXTargetDependency */ = {
			isa = PBXTargetDependency;
			target = 77DD58FC1D2D03790078D0DC /* RunTime */;
			targetProxy = 77DD59221D2D03790078D0DC /* PBXContainerItemProxy */;
		};
/* End PBXTargetDependency section */

/* Begin PBXVariantGroup section */
		77DD59091D2D03790078D0DC /* Main.storyboard */ = {
			isa = PBXVariantGroup;
			children = (
				77DD590A1D2D03790078D0DC /* Base */,
			);
			name = Main.storyboard;
			sourceTree = "<group>";
		};
		77DD590E1D2D03790078D0DC /* LaunchScreen.storyboard */ = {
			isa = PBXVariantGroup;
			children = (
				77DD590F1D2D03790078D0DC /* Base */,
			);
			name = LaunchScreen.storyboard;
			sourceTree = "<group>";
		};
/* End PBXVariantGroup section */

/* Begin XCBuildConfiguration section */
		77DD59281D2D03790078D0DC /* Debug */ = {
			isa = XCBuildConfiguration;
			buildSettings = {
				ALWAYS_SEARCH_USER_PATHS = NO;
				CLANG_CXX_LANGUAGE_STANDARD = "gnu++0x";
				CLANG_CXX_LIBRARY = "libc++";
				CLANG_ENABLE_MODULES = YES;
				CLANG_ENABLE_OBJC_ARC = YES;
				CLANG_WARN_BOOL_CONVERSION = YES;
				CLANG_WARN_CONSTANT_CONVERSION = YES;
				CLANG_WARN_DIRECT_OBJC_ISA_USAGE = YES_ERROR;
				CLANG_WARN_EMPTY_BODY = YES;
				CLANG_WARN_ENUM_CONVERSION = YES;
				CLANG_WARN_INT_CONVERSION = YES;
				CLANG_WARN_OBJC_ROOT_CLASS = YES_ERROR;
				CLANG_WARN_UNREACHABLE_CODE = YES;
				CLANG_WARN__DUPLICATE_METHOD_MATCH = YES;
				"CODE_SIGN_IDENTITY[sdk=iphoneos*]" = "iPhone Developer";
				COPY_PHASE_STRIP = NO;
				DEBUG_INFORMATION_FORMAT = dwarf;
				ENABLE_STRICT_OBJC_MSGSEND = YES;
				ENABLE_TESTABILITY = YES;
				GCC_C_LANGUAGE_STANDARD = gnu99;
				GCC_DYNAMIC_NO_PIC = NO;
				GCC_NO_COMMON_BLOCKS = YES;
				GCC_OPTIMIZATION_LEVEL = 0;
				GCC_PREPROCESSOR_DEFINITIONS = (
					"DEBUG=1",
					"$(inherited)",
				);
				GCC_WARN_64_TO_32_BIT_CONVERSION = YES;
				GCC_WARN_ABOUT_RETURN_TYPE = YES_ERROR;
				GCC_WARN_UNDECLARED_SELECTOR = YES;
				GCC_WARN_UNINITIALIZED_AUTOS = YES_AGGRESSIVE;
				GCC_WARN_UNUSED_FUNCTION = YES;
				GCC_WARN_UNUSED_VARIABLE = YES;
				IPHONEOS_DEPLOYMENT_TARGET = 9.2;
				MTL_ENABLE_DEBUG_INFO = YES;
				ONLY_ACTIVE_ARCH = YES;
				SDKROOT = iphoneos;
				TARGETED_DEVICE_FAMILY = "1,2";
			};
			name = Debug;
		};
		77DD59291D2D03790078D0DC /* Release */ = {
			isa = XCBuildConfiguration;
			buildSettings = {
				ALWAYS_SEARCH_USER_PATHS = NO;
				CLANG_CXX_LANGUAGE_STANDARD = "gnu++0x";
				CLANG_CXX_LIBRARY = "libc++";
				CLANG_ENABLE_MODULES = YES;
				CLANG_ENABLE_OBJC_ARC = YES;
				CLANG_WARN_BOOL_CONVERSION = YES;
				CLANG_WARN_CONSTANT_CONVERSION = YES;
				CLANG_WARN_DIRECT_OBJC_ISA_USAGE = YES_ERROR;
				CLANG_WARN_EMPTY_BODY = YES;
				CLANG_WARN_ENUM_CONVERSION = YES;
				CLANG_WARN_INT_CONVERSION = YES;
				CLANG_WARN_OBJC_ROOT_CLASS = YES_ERROR;
				CLANG_WARN_UNREACHABLE_CODE = YES;
				CLANG_WARN__DUPLICATE_METHOD_MATCH = YES;
				"CODE_SIGN_IDENTITY[sdk=iphoneos*]" = "iPhone Developer";
				COPY_PHASE_STRIP = NO;
				DEBUG_INFORMATION_FORMAT = "dwarf-with-dsym";
				ENABLE_NS_ASSERTIONS = NO;
				ENABLE_STRICT_OBJC_MSGSEND = YES;
				GCC_C_LANGUAGE_STANDARD = gnu99;
				GCC_NO_COMMON_BLOCKS = YES;
				GCC_WARN_64_TO_32_BIT_CONVERSION = YES;
				GCC_WARN_ABOUT_RETURN_TYPE = YES_ERROR;
				GCC_WARN_UNDECLARED_SELECTOR = YES;
				GCC_WARN_UNINITIALIZED_AUTOS = YES_AGGRESSIVE;
				GCC_WARN_UNUSED_FUNCTION = YES;
				GCC_WARN_UNUSED_VARIABLE = YES;
				IPHONEOS_DEPLOYMENT_TARGET = 9.2;
				MTL_ENABLE_DEBUG_INFO = NO;
				SDKROOT = iphoneos;
				TARGETED_DEVICE_FAMILY = "1,2";
				VALIDATE_PRODUCT = YES;
			};
			name = Release;
		};
		77DD592B1D2D03790078D0DC /* Debug */ = {
			isa = XCBuildConfiguration;
			buildSettings = {
				ASSETCATALOG_COMPILER_APPICON_NAME = AppIcon;
				INFOPLIST_FILE = RunTime/Info.plist;
				LD_RUNPATH_SEARCH_PATHS = "$(inherited) @executable_path/Frameworks";
				PRODUCT_BUNDLE_IDENTIFIER = MERRYART.RunTime;
				PRODUCT_NAME = "$(TARGET_NAME)";
			};
			name = Debug;
		};
		77DD592C1D2D03790078D0DC /* Release */ = {
			isa = XCBuildConfiguration;
			buildSettings = {
				ASSETCATALOG_COMPILER_APPICON_NAME = AppIcon;
				INFOPLIST_FILE = RunTime/Info.plist;
				LD_RUNPATH_SEARCH_PATHS = "$(inherited) @executable_path/Frameworks";
				PRODUCT_BUNDLE_IDENTIFIER = MERRYART.RunTime;
				PRODUCT_NAME = "$(TARGET_NAME)";
			};
			name = Release;
		};
		77DD592E1D2D03790078D0DC /* Debug */ = {
			isa = XCBuildConfiguration;
			buildSettings = {
				BUNDLE_LOADER = "$(TEST_HOST)";
				INFOPLIST_FILE = RunTimeTests/Info.plist;
				LD_RUNPATH_SEARCH_PATHS = "$(inherited) @executable_path/Frameworks @loader_path/Frameworks";
				PRODUCT_BUNDLE_IDENTIFIER = MERRYART.RunTimeTests;
				PRODUCT_NAME = "$(TARGET_NAME)";
				TEST_HOST = "$(BUILT_PRODUCTS_DIR)/RunTime.app/RunTime";
			};
			name = Debug;
		};
		77DD592F1D2D03790078D0DC /* Release */ = {
			isa = XCBuildConfiguration;
			buildSettings = {
				BUNDLE_LOADER = "$(TEST_HOST)";
				INFOPLIST_FILE = RunTimeTests/Info.plist;
				LD_RUNPATH_SEARCH_PATHS = "$(inherited) @executable_path/Frameworks @loader_path/Frameworks";
				PRODUCT_BUNDLE_IDENTIFIER = MERRYART.RunTimeTests;
				PRODUCT_NAME = "$(TARGET_NAME)";
				TEST_HOST = "$(BUILT_PRODUCTS_DIR)/RunTime.app/RunTime";
			};
			name = Release;
		};
		77DD59311D2D03790078D0DC /* Debug */ = {
			isa = XCBuildConfiguration;
			buildSettings = {
				INFOPLIST_FILE = RunTimeUITests/Info.plist;
				LD_RUNPATH_SEARCH_PATHS = "$(inherited) @executable_path/Frameworks @loader_path/Frameworks";
				PRODUCT_BUNDLE_IDENTIFIER = MERRYART.RunTimeUITests;
				PRODUCT_NAME = "$(TARGET_NAME)";
				TEST_TARGET_NAME = RunTime;
				USES_XCTRUNNER = YES;
			};
			name = Debug;
		};
		77DD59321D2D03790078D0DC /* Release */ = {
			isa = XCBuildConfiguration;
			buildSettings = {
				INFOPLIST_FILE = RunTimeUITests/Info.plist;
				LD_RUNPATH_SEARCH_PATHS = "$(inherited) @executable_path/Frameworks @loader_path/Frameworks";
				PRODUCT_BUNDLE_IDENTIFIER = MERRYART.RunTimeUITests;
				PRODUCT_NAME = "$(TARGET_NAME)";
				TEST_TARGET_NAME = RunTime;
				USES_XCTRUNNER = YES;
			};
			name = Release;
		};
/* End XCBuildConfiguration section */

/* Begin XCConfigurationList section */
		77DD58F81D2D03790078D0DC /* Build configuration list for PBXProject "RunTime" */ = {
			isa = XCConfigurationList;
			buildConfigurations = (
				77DD59281D2D03790078D0DC /* Debug */,
				77DD59291D2D03790078D0DC /* Release */,
			);
			defaultConfigurationIsVisible = 0;
			defaultConfigurationName = Release;
		};
		77DD592A1D2D03790078D0DC /* Build configuration list for PBXNativeTarget "RunTime" */ = {
			isa = XCConfigurationList;
			buildConfigurations = (
				77DD592B1D2D03790078D0DC /* Debug */,
				77DD592C1D2D03790078D0DC /* Release */,
			);
			defaultConfigurationIsVisible = 0;
		};
		77DD592D1D2D03790078D0DC /* Build configuration list for PBXNativeTarget "RunTimeTests" */ = {
			isa = XCConfigurationList;
			buildConfigurations = (
				77DD592E1D2D03790078D0DC /* Debug */,
				77DD592F1D2D03790078D0DC /* Release */,
			);
			defaultConfigurationIsVisible = 0;
		};
		77DD59301D2D03790078D0DC /* Build configuration list for PBXNativeTarget "RunTimeUITests" */ = {
			isa = XCConfigurationList;
			buildConfigurations = (
				77DD59311D2D03790078D0DC /* Debug */,
				77DD59321D2D03790078D0DC /* Release */,
			);
			defaultConfigurationIsVisible = 0;
		};
/* End XCConfigurationList section */
	};
	rootObject = 77DD58F51D2D03790078D0DC /* Project object */;
}
